# THIS IS AN AUTOGENERATED FILE. DO NOT EDIT THIS FILE DIRECTLY.
# yarn lockfile v1


odata-v4-literal@^0.1.0:
  version "0.1.0"
  resolved "https://registry.yarnpkg.com/odata-v4-literal/-/odata-v4-literal-0.1.0.tgz#b52c44e112a0c918d4af6cbb5ad51f6d484305e7"

odata-v4-mongodb@^0.1.10:
  version "0.1.10"
  resolved "https://registry.yarnpkg.com/odata-v4-mongodb/-/odata-v4-mongodb-0.1.10.tgz#1cc1a68648821f24ae6afb4135f0dc9710bb5219"
  dependencies:
    odata-v4-literal "^0.1.0"
    odata-v4-parser "^0.1.18"

odata-v4-parser@^0.1.18:
  version "0.1.19"
  resolved "https://registry.yarnpkg.com/odata-v4-parser/-/odata-v4-parser-0.1.19.tgz#af382f81170fe23d4ec1d208b70dcbc9ed165066"

sift@^3.3.10:
  version "3.3.10"
  resolved "https://registry.yarnpkg.com/sift/-/sift-3.3.10.tgz#9512dd45a016837df0c3e67d1c32ab2329df00cc"
